
Microsoft Visual Studio Solution File, Format Version 12.00
# Visual Studio Version 16
VisualStudioVersion = 16.0.31613.86
MinimumVisualStudioVersion = 10.0.40219.1
Project("{FAE04EC0-301F-11D3-BF4B-00C04F79EFBC}") = "EveryBook", "EveryBook\EveryBook.csproj", "{240F3CA5-5C38-4E95-A396-B3559ACE600C}"
EndProject
Global
	GlobalSection(SolutionConfigurationPlatforms) = preSolution
		Debug|Any CPU = Debug|Any CPU
		Release|Any CPU = Release|Any CPU
	EndGlobalSection
	GlobalSection(ProjectConfigurationPlatforms) = postSolution
		{240F3CA5-5C38-4E95-A396-B3559ACE600C}.Debug|Any CPU.ActiveCfg = Debug|Any CPU
		{240F3CA5-5C38-4E95-A396-B3559ACE600C}.Debug|Any CPU.Build.0 = Debug|Any CPU
		{240F3CA5-5C38-4E95-A396-B3559ACE600C}.Release|Any CPU.ActiveCfg = Release|Any CPU
		{240F3CA5-5C38-4E95-A396-B3559ACE600C}.Release|Any CPU.Build.0 = Release|Any CPU
	EndGlobalSection
	GlobalSection(SolutionProperties) = preSolution
		HideSolutionNode = FALSE
	EndGlobalSection
	GlobalSection(ExtensibilityGlobals) = postSolution
		SolutionGuid = {B989796A-CE1C-4809-9D96-707B138EE227}
	EndGlobalSection
EndGlobal
